
Microsoft Visual Studio Solution File, Format Version 12.00
# Visual Studio 15
VisualStudioVersion = 15.0.26228.4
MinimumVisualStudioVersion = 10.0.40219.1
Project("{FAE04EC0-301F-11D3-BF4B-00C04F79EFBC}") = "AzSp.Products", "AzSp.Products\AzSp.Products.csproj", "{86EABAD6-1AC1-41E5-97B1-CDDF260BB45F}"
EndProject
Project("{E53339B2-1760-4266-BCC7-CA923CBCF16C}") = "docker-compose", "docker-compose.dcproj", "{89284BDC-2CD4-43C3-ACD8-4600D97D12E2}"
EndProject
Project("{FAE04EC0-301F-11D3-BF4B-00C04F79EFBC}") = "AzSp.Products.Domain", "AzSp.Products.Domain\AzSp.Products.Domain.csproj", "{0A4FC238-2E91-4590-9DCD-4DFEEA6A46BB}"
EndProject
Project("{FAE04EC0-301F-11D3-BF4B-00C04F79EFBC}") = "AzSp.Products.Persistence", "AzSp.Products.Persistence\AzSp.Products.Persistence.csproj", "{C8FA9927-6E0A-4934-BB3B-2B10F165826E}"
EndProject
Global
	GlobalSection(SolutionConfigurationPlatforms) = preSolution
		Debug|Any CPU = Debug|Any CPU
		Release|Any CPU = Release|Any CPU
	EndGlobalSection
	GlobalSection(ProjectConfigurationPlatforms) = postSolution
		{86EABAD6-1AC1-41E5-97B1-CDDF260BB45F}.Debug|Any CPU.ActiveCfg = Debug|Any CPU
		{86EABAD6-1AC1-41E5-97B1-CDDF260BB45F}.Debug|Any CPU.Build.0 = Debug|Any CPU
		{86EABAD6-1AC1-41E5-97B1-CDDF260BB45F}.Release|Any CPU.ActiveCfg = Release|Any CPU
		{86EABAD6-1AC1-41E5-97B1-CDDF260BB45F}.Release|Any CPU.Build.0 = Release|Any CPU
		{89284BDC-2CD4-43C3-ACD8-4600D97D12E2}.Debug|Any CPU.ActiveCfg = Debug|Any CPU
		{89284BDC-2CD4-43C3-ACD8-4600D97D12E2}.Debug|Any CPU.Build.0 = Debug|Any CPU
		{89284BDC-2CD4-43C3-ACD8-4600D97D12E2}.Release|Any CPU.ActiveCfg = Release|Any CPU
		{89284BDC-2CD4-43C3-ACD8-4600D97D12E2}.Release|Any CPU.Build.0 = Release|Any CPU
		{0A4FC238-2E91-4590-9DCD-4DFEEA6A46BB}.Debug|Any CPU.ActiveCfg = Debug|Any CPU
		{0A4FC238-2E91-4590-9DCD-4DFEEA6A46BB}.Debug|Any CPU.Build.0 = Debug|Any CPU
		{0A4FC238-2E91-4590-9DCD-4DFEEA6A46BB}.Release|Any CPU.ActiveCfg = Release|Any CPU
		{0A4FC238-2E91-4590-9DCD-4DFEEA6A46BB}.Release|Any CPU.Build.0 = Release|Any CPU
		{C8FA9927-6E0A-4934-BB3B-2B10F165826E}.Debug|Any CPU.ActiveCfg = Debug|Any CPU
		{C8FA9927-6E0A-4934-BB3B-2B10F165826E}.Debug|Any CPU.Build.0 = Debug|Any CPU
		{C8FA9927-6E0A-4934-BB3B-2B10F165826E}.Release|Any CPU.ActiveCfg = Release|Any CPU
		{C8FA9927-6E0A-4934-BB3B-2B10F165826E}.Release|Any CPU.Build.0 = Release|Any CPU
	EndGlobalSection
	GlobalSection(SolutionProperties) = preSolution
		HideSolutionNode = FALSE
	EndGlobalSection
EndGlobal
